
Microsoft Visual Studio Solution File, Format Version 12.00
# Visual Studio Version 17
VisualStudioVersion = 17.10.35122.118
MinimumVisualStudioVersion = 10.0.40219.1
Project("{FAE04EC0-301F-11D3-BF4B-00C04F79EFBC}") = "EageSoop", "EageSoop.csproj", "{8D2C1BB1-D0D8-48E4-95ED-9956417CF431}"
EndProject
Global
	GlobalSection(SolutionConfigurationPlatforms) = preSolution
		Debug|Any CPU = Debug|Any CPU
		Release|Any CPU = Release|Any CPU
	EndGlobalSection
	GlobalSection(ProjectConfigurationPlatforms) = postSolution
		{8D2C1BB1-D0D8-48E4-95ED-9956417CF431}.Debug|Any CPU.ActiveCfg = Debug|Any CPU
		{8D2C1BB1-D0D8-48E4-95ED-9956417CF431}.Debug|Any CPU.Build.0 = Debug|Any CPU
		{8D2C1BB1-D0D8-48E4-95ED-9956417CF431}.Release|Any CPU.ActiveCfg = Release|Any CPU
		{8D2C1BB1-D0D8-48E4-95ED-9956417CF431}.Release|Any CPU.Build.0 = Release|Any CPU
	EndGlobalSection
	GlobalSection(SolutionProperties) = preSolution
		HideSolutionNode = FALSE
	EndGlobalSection
	GlobalSection(ExtensibilityGlobals) = postSolution
		SolutionGuid = {F4A1C5D2-23EE-4617-8EC2-9790C7A40685}
	EndGlobalSection
EndGlobal
